
Microsoft Visual Studio Solution File, Format Version 12.00
# Visual Studio Version 17
VisualStudioVersion = 17.5.2.0
MinimumVisualStudioVersion = 10.0.40219.1
Project("{FAE04EC0-301F-11D3-BF4B-00C04F79EFBC}") = "kodestil_kodestandarder", "kodestil_kodestandarder\kodestil_kodestandarder.csproj", "{B22AAEDE-BDF4-9C64-F9A4-07F2F0A9C66B}"
EndProject
Project("{FAE04EC0-301F-11D3-BF4B-00C04F79EFBC}") = "StackImplementation_November", "StackImplementation_November\StackImplementation_November.csproj", "{F4094153-5FB3-4D3A-8B30-08BDDBA5A4FC}"
EndProject
Project("{FAE04EC0-301F-11D3-BF4B-00C04F79EFBC}") = "StackApp", "StackApp\StackApp.csproj", "{C814F6D4-39B3-4D5C-AD26-3DF2B4526529}"
EndProject
Global
	GlobalSection(SolutionConfigurationPlatforms) = preSolution
		Debug|Any CPU = Debug|Any CPU
		Debug|x64 = Debug|x64
		Debug|x86 = Debug|x86
		Release|Any CPU = Release|Any CPU
		Release|x64 = Release|x64
		Release|x86 = Release|x86
	EndGlobalSection
	GlobalSection(ProjectConfigurationPlatforms) = postSolution
		{B22AAEDE-BDF4-9C64-F9A4-07F2F0A9C66B}.Debug|Any CPU.ActiveCfg = Debug|Any CPU
		{B22AAEDE-BDF4-9C64-F9A4-07F2F0A9C66B}.Debug|Any CPU.Build.0 = Debug|Any CPU
		{B22AAEDE-BDF4-9C64-F9A4-07F2F0A9C66B}.Debug|x64.ActiveCfg = Debug|Any CPU
		{B22AAEDE-BDF4-9C64-F9A4-07F2F0A9C66B}.Debug|x64.Build.0 = Debug|Any CPU
		{B22AAEDE-BDF4-9C64-F9A4-07F2F0A9C66B}.Debug|x86.ActiveCfg = Debug|Any CPU
		{B22AAEDE-BDF4-9C64-F9A4-07F2F0A9C66B}.Debug|x86.Build.0 = Debug|Any CPU
		{B22AAEDE-BDF4-9C64-F9A4-07F2F0A9C66B}.Release|Any CPU.ActiveCfg = Release|Any CPU
		{B22AAEDE-BDF4-9C64-F9A4-07F2F0A9C66B}.Release|Any CPU.Build.0 = Release|Any CPU
		{B22AAEDE-BDF4-9C64-F9A4-07F2F0A9C66B}.Release|x64.ActiveCfg = Release|Any CPU
		{B22AAEDE-BDF4-9C64-F9A4-07F2F0A9C66B}.Release|x64.Build.0 = Release|Any CPU
		{B22AAEDE-BDF4-9C64-F9A4-07F2F0A9C66B}.Release|x86.ActiveCfg = Release|Any CPU
		{B22AAEDE-BDF4-9C64-F9A4-07F2F0A9C66B}.Release|x86.Build.0 = Release|Any CPU
		{F4094153-5FB3-4D3A-8B30-08BDDBA5A4FC}.Debug|Any CPU.ActiveCfg = Debug|Any CPU
		{F4094153-5FB3-4D3A-8B30-08BDDBA5A4FC}.Debug|Any CPU.Build.0 = Debug|Any CPU
		{F4094153-5FB3-4D3A-8B30-08BDDBA5A4FC}.Debug|x64.ActiveCfg = Debug|Any CPU
		{F4094153-5FB3-4D3A-8B30-08BDDBA5A4FC}.Debug|x64.Build.0 = Debug|Any CPU
		{F4094153-5FB3-4D3A-8B30-08BDDBA5A4FC}.Debug|x86.ActiveCfg = Debug|Any CPU
		{F4094153-5FB3-4D3A-8B30-08BDDBA5A4FC}.Debug|x86.Build.0 = Debug|Any CPU
		{F4094153-5FB3-4D3A-8B30-08BDDBA5A4FC}.Release|Any CPU.ActiveCfg = Release|Any CPU
		{F4094153-5FB3-4D3A-8B30-08BDDBA5A4FC}.Release|Any CPU.Build.0 = Release|Any CPU
		{F4094153-5FB3-4D3A-8B30-08BDDBA5A4FC}.Release|x64.ActiveCfg = Release|Any CPU
		{F4094153-5FB3-4D3A-8B30-08BDDBA5A4FC}.Release|x64.Build.0 = Release|Any CPU
		{F4094153-5FB3-4D3A-8B30-08BDDBA5A4FC}.Release|x86.ActiveCfg = Release|Any CPU
		{F4094153-5FB3-4D3A-8B30-08BDDBA5A4FC}.Release|x86.Build.0 = Release|Any CPU
		{C814F6D4-39B3-4D5C-AD26-3DF2B4526529}.Debug|Any CPU.ActiveCfg = Debug|Any CPU
		{C814F6D4-39B3-4D5C-AD26-3DF2B4526529}.Debug|Any CPU.Build.0 = Debug|Any CPU
		{C814F6D4-39B3-4D5C-AD26-3DF2B4526529}.Debug|x64.ActiveCfg = Debug|Any CPU
		{C814F6D4-39B3-4D5C-AD26-3DF2B4526529}.Debug|x64.Build.0 = Debug|Any CPU
		{C814F6D4-39B3-4D5C-AD26-3DF2B4526529}.Debug|x86.ActiveCfg = Debug|Any CPU
		{C814F6D4-39B3-4D5C-AD26-3DF2B4526529}.Debug|x86.Build.0 = Debug|Any CPU
		{C814F6D4-39B3-4D5C-AD26-3DF2B4526529}.Release|Any CPU.ActiveCfg = Release|Any CPU
		{C814F6D4-39B3-4D5C-AD26-3DF2B4526529}.Release|Any CPU.Build.0 = Release|Any CPU
		{C814F6D4-39B3-4D5C-AD26-3DF2B4526529}.Release|x64.ActiveCfg = Release|Any CPU
		{C814F6D4-39B3-4D5C-AD26-3DF2B4526529}.Release|x64.Build.0 = Release|Any CPU
		{C814F6D4-39B3-4D5C-AD26-3DF2B4526529}.Release|x86.ActiveCfg = Release|Any CPU
		{C814F6D4-39B3-4D5C-AD26-3DF2B4526529}.Release|x86.Build.0 = Release|Any CPU
	EndGlobalSection
	GlobalSection(SolutionProperties) = preSolution
		HideSolutionNode = FALSE
	EndGlobalSection
	GlobalSection(ExtensibilityGlobals) = postSolution
		SolutionGuid = {62203050-A96B-4995-BC2D-3DC64D018C55}
	EndGlobalSection
EndGlobal
